
Microsoft Visual Studio Solution File, Format Version 12.00
# Visual Studio 14
VisualStudioVersion = 14.0.25420.1
MinimumVisualStudioVersion = 10.0.40219.1
Project("{FAE04EC0-301F-11D3-BF4B-00C04F79EFBC}") = "OurTool", "OurTool\OurTool.csproj", "{6801F9D1-A1A5-4CEF-8912-906C645EFFC2}"
EndProject
Project("{FAE04EC0-301F-11D3-BF4B-00C04F79EFBC}") = "OurToolBll", "OurToolBll\OurToolBll.csproj", "{A2C10460-A30E-4FC1-AE93-B4070881A822}"
EndProject
Project("{FAE04EC0-301F-11D3-BF4B-00C04F79EFBC}") = "OurToolDAL", "OurToolDAL\OurToolDAL.csproj", "{908156DB-D5D0-4DDE-AC06-D17A3D7A7962}"
EndProject
Project("{FAE04EC0-301F-11D3-BF4B-00C04F79EFBC}") = "OurToolModel", "OurToolModel\OurToolModel.csproj", "{D46BCC77-0CF2-47D9-A860-9B7F43E17FEE}"
EndProject
Project("{FAE04EC0-301F-11D3-BF4B-00C04F79EFBC}") = "OurToolCommon", "OurToolCommon\OurToolCommon.csproj", "{6E3C297E-A297-47C2-B27A-4F8E7B8CB72A}"
EndProject
Global
	GlobalSection(SolutionConfigurationPlatforms) = preSolution
		Debug|Any CPU = Debug|Any CPU
		Release|Any CPU = Release|Any CPU
	EndGlobalSection
	GlobalSection(ProjectConfigurationPlatforms) = postSolution
		{6801F9D1-A1A5-4CEF-8912-906C645EFFC2}.Debug|Any CPU.ActiveCfg = Debug|Any CPU
		{6801F9D1-A1A5-4CEF-8912-906C645EFFC2}.Debug|Any CPU.Build.0 = Debug|Any CPU
		{6801F9D1-A1A5-4CEF-8912-906C645EFFC2}.Release|Any CPU.ActiveCfg = Release|Any CPU
		{6801F9D1-A1A5-4CEF-8912-906C645EFFC2}.Release|Any CPU.Build.0 = Release|Any CPU
		{A2C10460-A30E-4FC1-AE93-B4070881A822}.Debug|Any CPU.ActiveCfg = Debug|Any CPU
		{A2C10460-A30E-4FC1-AE93-B4070881A822}.Debug|Any CPU.Build.0 = Debug|Any CPU
		{A2C10460-A30E-4FC1-AE93-B4070881A822}.Release|Any CPU.ActiveCfg = Release|Any CPU
		{A2C10460-A30E-4FC1-AE93-B4070881A822}.Release|Any CPU.Build.0 = Release|Any CPU
		{908156DB-D5D0-4DDE-AC06-D17A3D7A7962}.Debug|Any CPU.ActiveCfg = Debug|Any CPU
		{908156DB-D5D0-4DDE-AC06-D17A3D7A7962}.Debug|Any CPU.Build.0 = Debug|Any CPU
		{908156DB-D5D0-4DDE-AC06-D17A3D7A7962}.Release|Any CPU.ActiveCfg = Release|Any CPU
		{908156DB-D5D0-4DDE-AC06-D17A3D7A7962}.Release|Any CPU.Build.0 = Release|Any CPU
		{D46BCC77-0CF2-47D9-A860-9B7F43E17FEE}.Debug|Any CPU.ActiveCfg = Debug|Any CPU
		{D46BCC77-0CF2-47D9-A860-9B7F43E17FEE}.Debug|Any CPU.Build.0 = Debug|Any CPU
		{D46BCC77-0CF2-47D9-A860-9B7F43E17FEE}.Release|Any CPU.ActiveCfg = Release|Any CPU
		{D46BCC77-0CF2-47D9-A860-9B7F43E17FEE}.Release|Any CPU.Build.0 = Release|Any CPU
		{6E3C297E-A297-47C2-B27A-4F8E7B8CB72A}.Debug|Any CPU.ActiveCfg = Debug|Any CPU
		{6E3C297E-A297-47C2-B27A-4F8E7B8CB72A}.Debug|Any CPU.Build.0 = Debug|Any CPU
		{6E3C297E-A297-47C2-B27A-4F8E7B8CB72A}.Release|Any CPU.ActiveCfg = Release|Any CPU
		{6E3C297E-A297-47C2-B27A-4F8E7B8CB72A}.Release|Any CPU.Build.0 = Release|Any CPU
	EndGlobalSection
	GlobalSection(SolutionProperties) = preSolution
		HideSolutionNode = FALSE
	EndGlobalSection
EndGlobal
